
Microsoft Visual Studio Solution File, Format Version 12.00
# Visual Studio Version 17
VisualStudioVersion = 17.13.36105.23 d17.13
MinimumVisualStudioVersion = 10.0.40219.1
Project("{FAE04EC0-301F-11D3-BF4B-00C04F79EFBC}") = "ASPDotNetCore8WithRazorWebApp", "ASPDotNetCore8WithRazorWebApp.csproj", "{FDA9AC6F-90D1-47DF-BD3A-36948D6A3097}"
EndProject
Global
	GlobalSection(SolutionConfigurationPlatforms) = preSolution
		Debug|Any CPU = Debug|Any CPU
		Release|Any CPU = Release|Any CPU
	EndGlobalSection
	GlobalSection(ProjectConfigurationPlatforms) = postSolution
		{FDA9AC6F-90D1-47DF-BD3A-36948D6A3097}.Debug|Any CPU.ActiveCfg = Debug|Any CPU
		{FDA9AC6F-90D1-47DF-BD3A-36948D6A3097}.Debug|Any CPU.Build.0 = Debug|Any CPU
		{FDA9AC6F-90D1-47DF-BD3A-36948D6A3097}.Release|Any CPU.ActiveCfg = Release|Any CPU
		{FDA9AC6F-90D1-47DF-BD3A-36948D6A3097}.Release|Any CPU.Build.0 = Release|Any CPU
	EndGlobalSection
	GlobalSection(SolutionProperties) = preSolution
		HideSolutionNode = FALSE
	EndGlobalSection
	GlobalSection(ExtensibilityGlobals) = postSolution
		SolutionGuid = {AC5CB8AE-5F2B-47EC-8975-37950D77CCF1}
	EndGlobalSection
EndGlobal
